
Microsoft Visual Studio Solution File, Format Version 12.00
# Visual Studio Version 17
VisualStudioVersion = 17.13.35825.156 d17.13
MinimumVisualStudioVersion = 10.0.40219.1
Project("{FAE04EC0-301F-11D3-BF4B-00C04F79EFBC}") = "lab2", "lab2\lab2.csproj", "{00ABB8CF-A35E-40E5-9CD6-E32F5D14EB43}"
EndProject
Global
	GlobalSection(SolutionConfigurationPlatforms) = preSolution
		Debug|Any CPU = Debug|Any CPU
		Release|Any CPU = Release|Any CPU
	EndGlobalSection
	GlobalSection(ProjectConfigurationPlatforms) = postSolution
		{00ABB8CF-A35E-40E5-9CD6-E32F5D14EB43}.Debug|Any CPU.ActiveCfg = Debug|Any CPU
		{00ABB8CF-A35E-40E5-9CD6-E32F5D14EB43}.Debug|Any CPU.Build.0 = Debug|Any CPU
		{00ABB8CF-A35E-40E5-9CD6-E32F5D14EB43}.Release|Any CPU.ActiveCfg = Release|Any CPU
		{00ABB8CF-A35E-40E5-9CD6-E32F5D14EB43}.Release|Any CPU.Build.0 = Release|Any CPU
	EndGlobalSection
	GlobalSection(SolutionProperties) = preSolution
		HideSolutionNode = FALSE
	EndGlobalSection
	GlobalSection(ExtensibilityGlobals) = postSolution
		SolutionGuid = {17B5ED3B-DDE6-4436-8AEE-7D961F1ACD4B}
	EndGlobalSection
EndGlobal
